
Microsoft Visual Studio Solution File, Format Version 11.00
# Visual Studio 2010
Project("{FAE04EC0-301F-11D3-BF4B-00C04F79EFBC}") = "Assembly-CSharp", "Assembly-CSharp.csproj", "{958EEBCD-07C6-1A2D-370C-1129DA719CF0}"
EndProject
Project("{FAE04EC0-301F-11D3-BF4B-00C04F79EFBC}") = "Assembly-CSharp-Editor", "Assembly-CSharp-Editor.csproj", "{628B7EA8-1368-9431-FE86-A7001C979B43}"
EndProject
Global
	GlobalSection(SolutionConfigurationPlatforms) = preSolution
		Debug|Any CPU = Debug|Any CPU
		Release|Any CPU = Release|Any CPU
	EndGlobalSection
	GlobalSection(ProjectConfigurationPlatforms) = postSolution
		{958EEBCD-07C6-1A2D-370C-1129DA719CF0}.Debug|Any CPU.ActiveCfg = Debug|Any CPU
		{958EEBCD-07C6-1A2D-370C-1129DA719CF0}.Debug|Any CPU.Build.0 = Debug|Any CPU
		{958EEBCD-07C6-1A2D-370C-1129DA719CF0}.Release|Any CPU.ActiveCfg = Release|Any CPU
		{958EEBCD-07C6-1A2D-370C-1129DA719CF0}.Release|Any CPU.Build.0 = Release|Any CPU
		{628B7EA8-1368-9431-FE86-A7001C979B43}.Debug|Any CPU.ActiveCfg = Debug|Any CPU
		{628B7EA8-1368-9431-FE86-A7001C979B43}.Debug|Any CPU.Build.0 = Debug|Any CPU
		{628B7EA8-1368-9431-FE86-A7001C979B43}.Release|Any CPU.ActiveCfg = Release|Any CPU
		{628B7EA8-1368-9431-FE86-A7001C979B43}.Release|Any CPU.Build.0 = Release|Any CPU
	EndGlobalSection
	GlobalSection(SolutionProperties) = preSolution
		HideSolutionNode = FALSE
	EndGlobalSection
EndGlobal
